{
  "name": "discogs-collection-embed",
  "version": "1.0.0",
  "lockfileVersion": 1,
  "requires": true,
  "dependencies": {
    "disconnect": {
      "version": "1.2.2",
      "resolved": "https://registry.npmjs.org/disconnect/-/disconnect-1.2.2.tgz",
      "integrity": "sha512-0QWtdUdijooW0hUa4V5CYm6eQcWThKBh+1pnFk3C8gJo7zQQz+AX6Hs41df/DMjUeD6SN7UBQzdFwpxZv+Vdbw==",
      "requires": {
        "oauth-1.0a": "2.x.x"
      }
    },
    "oauth-1.0a": {
      "version": "2.2.6",
      "resolved": "https://registry.npmjs.org/oauth-1.0a/-/oauth-1.0a-2.2.6.tgz",
      "integrity": "sha512-6bkxv3N4Gu5lty4viIcIAnq5GbxECviMBeKR3WX/q87SPQ8E8aursPZUtsXDnxCs787af09WPRBLqYrf/lwoYQ=="
    }
  }
}
